
Microsoft Visual Studio Solution File, Format Version 12.00
# Visual Studio Version 17
VisualStudioVersion = 17.7.34003.232
MinimumVisualStudioVersion = 10.0.40219.1
Project("{9A19103F-16F7-4668-BE54-9A1E7A4F7556}") = "Paint_AvaloniaUI", "Paint_AvaloniaUI\Paint_AvaloniaUI.csproj", "{0B31A21C-33FD-42F6-A465-C441D7DCC6B8}"
EndProject
Project("{9A19103F-16F7-4668-BE54-9A1E7A4F7556}") = "Paint_AvaloniaUI.Desktop", "Paint_AvaloniaUI.Desktop\Paint_AvaloniaUI.Desktop.csproj", "{1A733949-68F3-4D19-9F70-42A7986B1581}"
EndProject
Global
	GlobalSection(SolutionConfigurationPlatforms) = preSolution
		Debug|Any CPU = Debug|Any CPU
		Release|Any CPU = Release|Any CPU
	EndGlobalSection
	GlobalSection(ProjectConfigurationPlatforms) = postSolution
		{0B31A21C-33FD-42F6-A465-C441D7DCC6B8}.Debug|Any CPU.ActiveCfg = Debug|Any CPU
		{0B31A21C-33FD-42F6-A465-C441D7DCC6B8}.Debug|Any CPU.Build.0 = Debug|Any CPU
		{0B31A21C-33FD-42F6-A465-C441D7DCC6B8}.Release|Any CPU.ActiveCfg = Release|Any CPU
		{0B31A21C-33FD-42F6-A465-C441D7DCC6B8}.Release|Any CPU.Build.0 = Release|Any CPU
		{1A733949-68F3-4D19-9F70-42A7986B1581}.Debug|Any CPU.ActiveCfg = Debug|Any CPU
		{1A733949-68F3-4D19-9F70-42A7986B1581}.Debug|Any CPU.Build.0 = Debug|Any CPU
		{1A733949-68F3-4D19-9F70-42A7986B1581}.Release|Any CPU.ActiveCfg = Release|Any CPU
		{1A733949-68F3-4D19-9F70-42A7986B1581}.Release|Any CPU.Build.0 = Release|Any CPU
	EndGlobalSection
	GlobalSection(SolutionProperties) = preSolution
		HideSolutionNode = FALSE
	EndGlobalSection
	GlobalSection(ExtensibilityGlobals) = postSolution
		SolutionGuid = {54770CFC-4064-4A8B-B41B-531757697FAC}
	EndGlobalSection
EndGlobal
